{
  "name": "esalexss",
  "version": "1.0.0",
  "lockfileVersion": 1,
  "requires": true,
  "dependencies": {
    "bootstrap-v4-rtl": {
      "version": "4.3.1-3",
      "resolved": "https://registry.npmjs.org/bootstrap-v4-rtl/-/bootstrap-v4-rtl-4.3.1-3.tgz",
      "integrity": "sha512-oh9i3tA3PoNkBd6noIEPkbf0P6Fsy7ASqiMEjmyi7+pBSHyDNslbQ1xycNyjpW950/n1zUSvIp006PgPpD9j+w=="
    },
    "commander": {
      "version": "2.20.0",
      "resolved": "https://registry.npmjs.org/commander/-/commander-2.20.0.tgz",
      "integrity": "sha512-7j2y+40w61zy6YC2iRNpUe/NwhNyoXrYpHMrSunaMG64nRnaf96zO/KMQR4OyN/UnE5KLyEBnKHd4aG3rskjpQ==",
      "dev": true
    },
    "jquery": {
      "version": "3.4.1",
      "resolved": "https://registry.npmjs.org/jquery/-/jquery-3.4.1.tgz",
      "integrity": "sha512-36+AdBzCL+y6qjw5Tx7HgzeGCzC81MDDgaUP8ld2zhx58HdqXGoBd+tHdrBMiyjGQs0Hxs/MLZTu/eHNJJuWPw=="
    },
    "source-map": {
      "version": "0.6.1",
      "resolved": "https://registry.npmjs.org/source-map/-/source-map-0.6.1.tgz",
      "integrity": "sha512-UjgapumWlbMhkBgzT7Ykc5YXUT46F0iKu8SGXq0bcwP5dz/h0Plj6enJqjz1Zbq2l5WaqYnrVbwWOWMyF3F47g==",
      "dev": true
    },
    "uglify-js": {
      "version": "3.5.15",
      "resolved": "https://registry.npmjs.org/uglify-js/-/uglify-js-3.5.15.tgz",
      "integrity": "sha512-fe7aYFotptIddkwcm6YuA0HmknBZ52ZzOsUxZEdhhkSsz7RfjHDX2QDxwKTiv4JQ5t5NhfmpgAK+J7LiDhKSqg==",
      "dev": true,
      "requires": {
        "commander": "~2.20.0",
        "source-map": "~0.6.1"
      }
    },
    "vazir-font": {
      "version": "20.0.0",
      "resolved": "https://registry.npmjs.org/vazir-font/-/vazir-font-20.0.0.tgz",
      "integrity": "sha512-7K8lcfxLDnOrcKGqpUIogcJjYXlMrIJDqWdJHqMyNiNdMOnOMny+SyMqTtkhiFOk3UabiyDZ9IrTfAgctgsFvA=="
    }
  }
}
